{
  "nodes": {
    "dunai": {
      "flake": false,
      "locked": {
        "lastModified": 1708598184,
        "narHash": "sha256-PxZRFNoVlRRmx7IyeIa1F6uo1wqQVuabTMcXDMOXwoY=",
        "owner": "ivanperez-keera",
        "repo": "dunai",
        "rev": "975a3b1bf1b1ea8ce29ba11fe1c789751a4595bb",
        "type": "github"
      },
      "original": {
        "owner": "ivanperez-keera",
        "repo": "dunai",
        "type": "github"
      }
    },
    "dunai-transformers": {
      "flake": false,
      "locked": {
        "lastModified": 1547076830,
        "narHash": "sha256-ICQ5grJt21gGZDM1NPSn2yAuaUjiNzEv5w/Rxef9CcU=",
        "owner": "ghc",
        "repo": "packages-transformers",
        "rev": "49655191d33912815a9389b764e2d89e92140938",
        "type": "github"
      },
      "original": {
        "owner": "ghc",
        "repo": "packages-transformers",
        "type": "github"
      }
    },
    "nix-filter": {
      "locked": {
        "lastModified": 1710156097,
        "narHash": "sha256-1Wvk8UP7PXdf8bCCaEoMnOT1qe5/Duqgj+rL8sRQsSM=",
        "owner": "numtide",
        "repo": "nix-filter",
        "rev": "3342559a24e85fc164b295c3444e8a139924675b",
        "type": "github"
      },
      "original": {
        "owner": "numtide",
        "repo": "nix-filter",
        "type": "github"
      }
    },
    "nixpkgs": {
      "locked": {
        "lastModified": 1710806803,
        "narHash": "sha256-qrxvLS888pNJFwJdK+hf1wpRCSQcqA6W5+Ox202NDa0=",
        "owner": "nixos",
        "repo": "nixpkgs",
        "rev": "b06025f1533a1e07b6db3e75151caa155d1c7eb3",
        "type": "github"
      },
      "original": {
        "owner": "nixos",
        "ref": "nixos-unstable",
        "repo": "nixpkgs",
        "type": "github"
      }
    },
    "rhine": {
      "flake": false,
      "locked": {
        "lastModified": 1710592172,
        "narHash": "sha256-iHIRInvJ22zdJA88H3JUFeQMam0co3iVTotJgp5dHEA=",
        "owner": "ners",
        "repo": "rhine",
        "rev": "002ade6e2dc65a3568e3f8200671bfd5490f43a4",
        "type": "github"
      },
      "original": {
        "owner": "ners",
        "ref": "never",
        "repo": "rhine",
        "type": "github"
      }
    },
    "root": {
      "inputs": {
        "dunai": "dunai",
        "dunai-transformers": "dunai-transformers",
        "nix-filter": "nix-filter",
        "nixpkgs": "nixpkgs",
        "rhine": "rhine"
      }
    }
  },
  "root": "root",
  "version": 7
}
