{
  "nodes": {
    "ioctl": {
      "flake": false,
      "locked": {
        "lastModified": 1711571746,
        "narHash": "sha256-sgxHN62JYzOPkAq1lKxaKqHgFMhhqq5pb7z7fHPqHoo=",
        "owner": "ners",
        "repo": "ioctl",
        "rev": "c5b96ccd8eb1c6e08a67d5ede90507c425ce8adf",
        "type": "github"
      },
      "original": {
        "owner": "ners",
        "repo": "ioctl",
        "type": "github"
      }
    },
    "nixpkgs": {
      "locked": {
        "lastModified": 1715534503,
        "narHash": "sha256-5ZSVkFadZbFP1THataCaSf0JH2cAH3S29hU9rrxTEqk=",
        "owner": "nixos",
        "repo": "nixpkgs",
        "rev": "2057814051972fa1453ddfb0d98badbea9b83c06",
        "type": "github"
      },
      "original": {
        "owner": "nixos",
        "ref": "nixos-unstable",
        "repo": "nixpkgs",
        "type": "github"
      }
    },
    "rhine": {
      "flake": false,
      "locked": {
        "lastModified": 1715615335,
        "narHash": "sha256-yQAbrcFKSkUca/iERt70uWUk7W5xPPjEXlYQJw4b6E0=",
        "owner": "turion",
        "repo": "rhine",
        "rev": "a6d45648a9ca2347f6ca656cbdb7116f3948e371",
        "type": "github"
      },
      "original": {
        "owner": "turion",
        "repo": "rhine",
        "type": "github"
      }
    },
    "root": {
      "inputs": {
        "ioctl": "ioctl",
        "nixpkgs": "nixpkgs",
        "rhine": "rhine"
      }
    }
  },
  "root": "root",
  "version": 7
}
