{
  "nodes": {
    "ioctl": {
      "flake": false,
      "locked": {
        "lastModified": 1711571746,
        "narHash": "sha256-sgxHN62JYzOPkAq1lKxaKqHgFMhhqq5pb7z7fHPqHoo=",
        "owner": "ners",
        "repo": "ioctl",
        "rev": "c5b96ccd8eb1c6e08a67d5ede90507c425ce8adf",
        "type": "github"
      },
      "original": {
        "owner": "ners",
        "repo": "ioctl",
        "type": "github"
      }
    },
    "nixpkgs": {
      "locked": {
        "lastModified": 1761114652,
        "narHash": "sha256-f/QCJM/YhrV/lavyCVz8iU3rlZun6d+dAiC3H+CDle4=",
        "owner": "nixos",
        "repo": "nixpkgs",
        "rev": "01f116e4df6a15f4ccdffb1bcd41096869fb385c",
        "type": "github"
      },
      "original": {
        "owner": "nixos",
        "ref": "nixos-unstable",
        "repo": "nixpkgs",
        "type": "github"
      }
    },
    "root": {
      "inputs": {
        "ioctl": "ioctl",
        "nixpkgs": "nixpkgs"
      }
    }
  },
  "root": "root",
  "version": 7
}
